
Microsoft Visual Studio Solution File, Format Version 12.00
# Visual Studio Version 18
VisualStudioVersion = 18.7.11925.98
MinimumVisualStudioVersion = 10.0.40219.1
Project("{2150E333-8FDC-42A3-9474-1A3956D46DE8}") = "src", "src", "{827E0CD3-B72D-47B6-A68D-7590B98EB39B}"
EndProject
Project("{FAE04EC0-301F-11D3-BF4B-00C04F79EFBC}") = "HAWindowsCompanion.Core", "src\HAWindowsCompanion.Core\HAWindowsCompanion.Core.csproj", "{24C8947C-7634-4FEA-8B1F-06C2058EAEBF}"
EndProject
Project("{FAE04EC0-301F-11D3-BF4B-00C04F79EFBC}") = "HAWindowsCompanion.Infrastructure", "src\HAWindowsCompanion.Infrastructure\HAWindowsCompanion.Infrastructure.csproj", "{FCA523BF-3995-4B12-BFE4-9B6FC5CC62FB}"
EndProject
Project("{FAE04EC0-301F-11D3-BF4B-00C04F79EFBC}") = "HAWindowsCompanion.App", "src\HAWindowsCompanion.App\HAWindowsCompanion.App.csproj", "{E08C5492-BFFE-43F5-9F08-D4F3912E19D7}"
EndProject
Project("{FAE04EC0-301F-11D3-BF4B-00C04F79EFBC}") = "HAWindowsCompanion.Tests", "src\HAWindowsCompanion.Tests\HAWindowsCompanion.Tests.csproj", "{7467BABB-4CD7-4136-AF87-E0AED96D7BA8}"
EndProject
Global
	GlobalSection(SolutionConfigurationPlatforms) = preSolution
		Debug|ARM64 = Debug|ARM64
		Debug|x64 = Debug|x64
		Debug|x86 = Debug|x86
		Release|ARM64 = Release|ARM64
		Release|x64 = Release|x64
		Release|x86 = Release|x86
	EndGlobalSection
	GlobalSection(ProjectConfigurationPlatforms) = postSolution
		{24C8947C-7634-4FEA-8B1F-06C2058EAEBF}.Debug|ARM64.ActiveCfg = Debug|ARM64
		{24C8947C-7634-4FEA-8B1F-06C2058EAEBF}.Debug|ARM64.Build.0 = Debug|ARM64
		{24C8947C-7634-4FEA-8B1F-06C2058EAEBF}.Debug|x64.ActiveCfg = Debug|x64
		{24C8947C-7634-4FEA-8B1F-06C2058EAEBF}.Debug|x64.Build.0 = Debug|x64
		{24C8947C-7634-4FEA-8B1F-06C2058EAEBF}.Debug|x86.ActiveCfg = Debug|x86
		{24C8947C-7634-4FEA-8B1F-06C2058EAEBF}.Debug|x86.Build.0 = Debug|x86
		{24C8947C-7634-4FEA-8B1F-06C2058EAEBF}.Release|ARM64.ActiveCfg = Release|ARM64
		{24C8947C-7634-4FEA-8B1F-06C2058EAEBF}.Release|ARM64.Build.0 = Release|ARM64
		{24C8947C-7634-4FEA-8B1F-06C2058EAEBF}.Release|x64.ActiveCfg = Release|x64
		{24C8947C-7634-4FEA-8B1F-06C2058EAEBF}.Release|x64.Build.0 = Release|x64
		{24C8947C-7634-4FEA-8B1F-06C2058EAEBF}.Release|x86.ActiveCfg = Release|x86
		{24C8947C-7634-4FEA-8B1F-06C2058EAEBF}.Release|x86.Build.0 = Release|x86
		{FCA523BF-3995-4B12-BFE4-9B6FC5CC62FB}.Debug|ARM64.ActiveCfg = Debug|ARM64
		{FCA523BF-3995-4B12-BFE4-9B6FC5CC62FB}.Debug|ARM64.Build.0 = Debug|ARM64
		{FCA523BF-3995-4B12-BFE4-9B6FC5CC62FB}.Debug|x64.ActiveCfg = Debug|x64
		{FCA523BF-3995-4B12-BFE4-9B6FC5CC62FB}.Debug|x64.Build.0 = Debug|x64
		{FCA523BF-3995-4B12-BFE4-9B6FC5CC62FB}.Debug|x86.ActiveCfg = Debug|x86
		{FCA523BF-3995-4B12-BFE4-9B6FC5CC62FB}.Debug|x86.Build.0 = Debug|x86
		{FCA523BF-3995-4B12-BFE4-9B6FC5CC62FB}.Release|ARM64.ActiveCfg = Release|ARM64
		{FCA523BF-3995-4B12-BFE4-9B6FC5CC62FB}.Release|ARM64.Build.0 = Release|ARM64
		{FCA523BF-3995-4B12-BFE4-9B6FC5CC62FB}.Release|x64.ActiveCfg = Release|x64
		{FCA523BF-3995-4B12-BFE4-9B6FC5CC62FB}.Release|x64.Build.0 = Release|x64
		{FCA523BF-3995-4B12-BFE4-9B6FC5CC62FB}.Release|x86.ActiveCfg = Release|x86
		{FCA523BF-3995-4B12-BFE4-9B6FC5CC62FB}.Release|x86.Build.0 = Release|x86
		{E08C5492-BFFE-43F5-9F08-D4F3912E19D7}.Debug|ARM64.ActiveCfg = Debug|ARM64
		{E08C5492-BFFE-43F5-9F08-D4F3912E19D7}.Debug|ARM64.Build.0 = Debug|ARM64
		{E08C5492-BFFE-43F5-9F08-D4F3912E19D7}.Debug|x64.ActiveCfg = Debug|x64
		{E08C5492-BFFE-43F5-9F08-D4F3912E19D7}.Debug|x64.Build.0 = Debug|x64
		{E08C5492-BFFE-43F5-9F08-D4F3912E19D7}.Debug|x86.ActiveCfg = Debug|x86
		{E08C5492-BFFE-43F5-9F08-D4F3912E19D7}.Debug|x86.Build.0 = Debug|x86
		{E08C5492-BFFE-43F5-9F08-D4F3912E19D7}.Release|ARM64.ActiveCfg = Release|ARM64
		{E08C5492-BFFE-43F5-9F08-D4F3912E19D7}.Release|ARM64.Build.0 = Release|ARM64
		{E08C5492-BFFE-43F5-9F08-D4F3912E19D7}.Release|x64.ActiveCfg = Release|x64
		{E08C5492-BFFE-43F5-9F08-D4F3912E19D7}.Release|x64.Build.0 = Release|x64
		{E08C5492-BFFE-43F5-9F08-D4F3912E19D7}.Release|x86.ActiveCfg = Release|x86
		{E08C5492-BFFE-43F5-9F08-D4F3912E19D7}.Release|x86.Build.0 = Release|x86
		{7467BABB-4CD7-4136-AF87-E0AED96D7BA8}.Debug|ARM64.ActiveCfg = Debug|ARM64
		{7467BABB-4CD7-4136-AF87-E0AED96D7BA8}.Debug|ARM64.Build.0 = Debug|ARM64
		{7467BABB-4CD7-4136-AF87-E0AED96D7BA8}.Debug|x64.ActiveCfg = Debug|x64
		{7467BABB-4CD7-4136-AF87-E0AED96D7BA8}.Debug|x64.Build.0 = Debug|x64
		{7467BABB-4CD7-4136-AF87-E0AED96D7BA8}.Debug|x86.ActiveCfg = Debug|x86
		{7467BABB-4CD7-4136-AF87-E0AED96D7BA8}.Debug|x86.Build.0 = Debug|x86
		{7467BABB-4CD7-4136-AF87-E0AED96D7BA8}.Release|ARM64.ActiveCfg = Release|ARM64
		{7467BABB-4CD7-4136-AF87-E0AED96D7BA8}.Release|ARM64.Build.0 = Release|ARM64
		{7467BABB-4CD7-4136-AF87-E0AED96D7BA8}.Release|x64.ActiveCfg = Release|x64
		{7467BABB-4CD7-4136-AF87-E0AED96D7BA8}.Release|x64.Build.0 = Release|x64
		{7467BABB-4CD7-4136-AF87-E0AED96D7BA8}.Release|x86.ActiveCfg = Release|x86
		{7467BABB-4CD7-4136-AF87-E0AED96D7BA8}.Release|x86.Build.0 = Release|x86
	EndGlobalSection
	GlobalSection(SolutionProperties) = preSolution
		HideSolutionNode = FALSE
	EndGlobalSection
	GlobalSection(NestedProjects) = preSolution
		{24C8947C-7634-4FEA-8B1F-06C2058EAEBF} = {827E0CD3-B72D-47B6-A68D-7590B98EB39B}
		{FCA523BF-3995-4B12-BFE4-9B6FC5CC62FB} = {827E0CD3-B72D-47B6-A68D-7590B98EB39B}
		{E08C5492-BFFE-43F5-9F08-D4F3912E19D7} = {827E0CD3-B72D-47B6-A68D-7590B98EB39B}
		{7467BABB-4CD7-4136-AF87-E0AED96D7BA8} = {827E0CD3-B72D-47B6-A68D-7590B98EB39B}
	EndGlobalSection
	GlobalSection(ExtensibilityGlobals) = postSolution
		SolutionGuid = {825571ED-ED5E-416F-81A8-30C2A4611C0E}
	EndGlobalSection
EndGlobal
